
Microsoft Visual Studio Solution File, Format Version 12.00
# Visual Studio Version 17
VisualStudioVersion = 17.5.33424.131
MinimumVisualStudioVersion = 10.0.40219.1
Project("{9A19103F-16F7-4668-BE54-9A1E7A4F7556}") = "RestaurantAPI", "RestaurantAPI\RestaurantAPI.csproj", "{984D7234-C855-4640-8A61-26800A505727}"
EndProject
Project("{FAE04EC0-301F-11D3-BF4B-00C04F79EFBC}") = "RestaurantAPI.IntegrationTests", "RestaurantAPI.IntegrationTests\RestaurantAPI.IntegrationTests.csproj", "{18CF86B9-A8DC-4FF4-AF8D-02CD0A3DEBA0}"
EndProject
Global
	GlobalSection(SolutionConfigurationPlatforms) = preSolution
		Debug|Any CPU = Debug|Any CPU
		Release|Any CPU = Release|Any CPU
	EndGlobalSection
	GlobalSection(ProjectConfigurationPlatforms) = postSolution
		{984D7234-C855-4640-8A61-26800A505727}.Debug|Any CPU.ActiveCfg = Debug|Any CPU
		{984D7234-C855-4640-8A61-26800A505727}.Debug|Any CPU.Build.0 = Debug|Any CPU
		{984D7234-C855-4640-8A61-26800A505727}.Release|Any CPU.ActiveCfg = Release|Any CPU
		{984D7234-C855-4640-8A61-26800A505727}.Release|Any CPU.Build.0 = Release|Any CPU
		{18CF86B9-A8DC-4FF4-AF8D-02CD0A3DEBA0}.Debug|Any CPU.ActiveCfg = Debug|Any CPU
		{18CF86B9-A8DC-4FF4-AF8D-02CD0A3DEBA0}.Debug|Any CPU.Build.0 = Debug|Any CPU
		{18CF86B9-A8DC-4FF4-AF8D-02CD0A3DEBA0}.Release|Any CPU.ActiveCfg = Release|Any CPU
		{18CF86B9-A8DC-4FF4-AF8D-02CD0A3DEBA0}.Release|Any CPU.Build.0 = Release|Any CPU
	EndGlobalSection
	GlobalSection(SolutionProperties) = preSolution
		HideSolutionNode = FALSE
	EndGlobalSection
	GlobalSection(ExtensibilityGlobals) = postSolution
		SolutionGuid = {DC12B187-7E96-4743-B154-616A3186829C}
	EndGlobalSection
EndGlobal
